{
  "name": "inventoryjs",
  "lockfileVersion": 2,
  "requires": true,
  "packages": {
    "": {
      "dependencies": {
        "ui-select": "^0.19.8"
      }
    },
    "node_modules/ui-select": {
      "version": "0.19.8",
      "resolved": "https://registry.npmjs.org/ui-select/-/ui-select-0.19.8.tgz",
      "integrity": "sha512-NSHm75s46oGph4BWUSQ4mgAGdZs0/YTP5nNo0efuwHBCPtTlye8zLSSxi3P5r1jI/BD9bJ8ODXyYWPoJZTRImQ=="
    }
  },
  "dependencies": {
    "ui-select": {
      "version": "0.19.8",
      "resolved": "https://registry.npmjs.org/ui-select/-/ui-select-0.19.8.tgz",
      "integrity": "sha512-NSHm75s46oGph4BWUSQ4mgAGdZs0/YTP5nNo0efuwHBCPtTlye8zLSSxi3P5r1jI/BD9bJ8ODXyYWPoJZTRImQ=="
    }
  }
}
